
Microsoft Visual Studio Solution File, Format Version 12.00
# Visual Studio 15
VisualStudioVersion = 15.0.27130.2010
MinimumVisualStudioVersion = 10.0.40219.1
Project("{9A19103F-16F7-4668-BE54-9A1E7A4F7556}") = "NetPlugAndPlay", "NetPlugAndPlay\NetPlugAndPlay.csproj", "{AECC66DE-B3DA-4D5E-B1B4-EEAB6F59CCEF}"
EndProject
Project("{9A19103F-16F7-4668-BE54-9A1E7A4F7556}") = "NVelocity", "NVelocity\NVelocity.csproj", "{189D11A0-72F8-4FCC-9510-36B8EE39D434}"
EndProject
Project("{9A19103F-16F7-4668-BE54-9A1E7A4F7556}") = "Tftp.Net", "Tftp.Net\Tftp.Net.csproj", "{E243002C-9B36-448A-A77F-B3639093B8D0}"
EndProject
Project("{2150E333-8FDC-42A3-9474-1A3956D46DE8}") = "Solution Items", "Solution Items", "{90554281-0E2C-466F-A969-FB1122ADA233}"
	ProjectSection(SolutionItems) = preProject
		mongod.conf = mongod.conf
		README.md = README.md
	EndProjectSection
EndProject
Project("{F5034706-568F-408A-B7B3-4D38C6DB8A32}") = "PSAltPlugAndPlay", "PSAltPlugAndPlay\PSAltPlugAndPlay.pssproj", "{6CAFC0C6-A428-4D30-A9F9-700E829FEA51}"
EndProject
Project("{9A19103F-16F7-4668-BE54-9A1E7A4F7556}") = "LibDHCPServer", "LibDHCPServer\LibDHCPServer\LibDHCPServer.csproj", "{41C496DA-B873-4BDB-909E-EBDC6A18F440}"
EndProject
Project("{2150E333-8FDC-42A3-9474-1A3956D46DE8}") = "Connectivity", "Connectivity", "{A320C9A3-906F-4125-8848-1A8E1F98A620}"
EndProject
Project("{9A19103F-16F7-4668-BE54-9A1E7A4F7556}") = "libterminal", "Connectivity\libterminal\libterminal.csproj", "{8E489D4B-344D-4BE7-BA04-2568043EBDFB}"
EndProject
Project("{9A19103F-16F7-4668-BE54-9A1E7A4F7556}") = "libterminal.tests", "Connectivity\libterminal.tests\libterminal.tests.csproj", "{8AA750B7-1097-4245-92AF-89F77F5BF451}"
EndProject
Project("{9A19103F-16F7-4668-BE54-9A1E7A4F7556}") = "Renci.SshNet.NETCore2", "Connectivity\SSH.NET\src\Renci.SshNet.NETCore2\Renci.SshNet.NETCore2.csproj", "{10CBEBB7-5199-4961-844A-D6EB82398AB9}"
EndProject
Project("{2150E333-8FDC-42A3-9474-1A3956D46DE8}") = "Pegasus", "Pegasus", "{ED8DD40C-190B-4CD8-A894-0675990D4487}"
EndProject
Project("{9A19103F-16F7-4668-BE54-9A1E7A4F7556}") = "Pegasus.Common.Core2", "Connectivity\Pegasus\Pegasus.Common.Core2\Pegasus.Common.Core2.csproj", "{AB18BC6A-A74C-4B3D-AB91-2296B4D2327A}"
EndProject
Project("{FAE04EC0-301F-11D3-BF4B-00C04F79EFBC}") = "Pegasus", "Connectivity\Pegasus\Pegasus\Pegasus.csproj", "{58F12D13-9997-4C29-90CE-3C6C7409BA68}"
EndProject
Project("{FAE04EC0-301F-11D3-BF4B-00C04F79EFBC}") = "Package", "Connectivity\Pegasus\Package\Package.csproj", "{7D630AC1-62A7-439F-AC80-0EA800F3A846}"
EndProject
Project("{FAE04EC0-301F-11D3-BF4B-00C04F79EFBC}") = "Pegasus.Common", "Connectivity\Pegasus\Pegasus.Common\Pegasus.Common.csproj", "{1FC19ADF-446F-4118-8189-C25AADF12397}"
EndProject
Project("{9A19103F-16F7-4668-BE54-9A1E7A4F7556}") = "libnetworkutility", "libnetworkutility\libnetworkutility\libnetworkutility.csproj", "{BD0584E5-B4D2-4F75-AE59-32742D479962}"
EndProject
Global
	GlobalSection(SolutionConfigurationPlatforms) = preSolution
		.NETCore2Debug|Any CPU = .NETCore2Debug|Any CPU
		Debug|Any CPU = Debug|Any CPU
		Release|Any CPU = Release|Any CPU
	EndGlobalSection
	GlobalSection(ProjectConfigurationPlatforms) = postSolution
		{AECC66DE-B3DA-4D5E-B1B4-EEAB6F59CCEF}..NETCore2Debug|Any CPU.ActiveCfg = Debug|Any CPU
		{AECC66DE-B3DA-4D5E-B1B4-EEAB6F59CCEF}..NETCore2Debug|Any CPU.Build.0 = Debug|Any CPU
		{AECC66DE-B3DA-4D5E-B1B4-EEAB6F59CCEF}.Debug|Any CPU.ActiveCfg = Debug|Any CPU
		{AECC66DE-B3DA-4D5E-B1B4-EEAB6F59CCEF}.Debug|Any CPU.Build.0 = Debug|Any CPU
		{AECC66DE-B3DA-4D5E-B1B4-EEAB6F59CCEF}.Release|Any CPU.ActiveCfg = Release|Any CPU
		{AECC66DE-B3DA-4D5E-B1B4-EEAB6F59CCEF}.Release|Any CPU.Build.0 = Release|Any CPU
		{189D11A0-72F8-4FCC-9510-36B8EE39D434}..NETCore2Debug|Any CPU.ActiveCfg = Debug|Any CPU
		{189D11A0-72F8-4FCC-9510-36B8EE39D434}..NETCore2Debug|Any CPU.Build.0 = Debug|Any CPU
		{189D11A0-72F8-4FCC-9510-36B8EE39D434}.Debug|Any CPU.ActiveCfg = Debug|Any CPU
		{189D11A0-72F8-4FCC-9510-36B8EE39D434}.Debug|Any CPU.Build.0 = Debug|Any CPU
		{189D11A0-72F8-4FCC-9510-36B8EE39D434}.Release|Any CPU.ActiveCfg = Release|Any CPU
		{189D11A0-72F8-4FCC-9510-36B8EE39D434}.Release|Any CPU.Build.0 = Release|Any CPU
		{E243002C-9B36-448A-A77F-B3639093B8D0}..NETCore2Debug|Any CPU.ActiveCfg = Debug|Any CPU
		{E243002C-9B36-448A-A77F-B3639093B8D0}..NETCore2Debug|Any CPU.Build.0 = Debug|Any CPU
		{E243002C-9B36-448A-A77F-B3639093B8D0}.Debug|Any CPU.ActiveCfg = Debug|Any CPU
		{E243002C-9B36-448A-A77F-B3639093B8D0}.Debug|Any CPU.Build.0 = Debug|Any CPU
		{E243002C-9B36-448A-A77F-B3639093B8D0}.Release|Any CPU.ActiveCfg = Release|Any CPU
		{E243002C-9B36-448A-A77F-B3639093B8D0}.Release|Any CPU.Build.0 = Release|Any CPU
		{6CAFC0C6-A428-4D30-A9F9-700E829FEA51}..NETCore2Debug|Any CPU.ActiveCfg = Debug|Any CPU
		{6CAFC0C6-A428-4D30-A9F9-700E829FEA51}..NETCore2Debug|Any CPU.Build.0 = Debug|Any CPU
		{6CAFC0C6-A428-4D30-A9F9-700E829FEA51}.Debug|Any CPU.ActiveCfg = Debug|Any CPU
		{6CAFC0C6-A428-4D30-A9F9-700E829FEA51}.Debug|Any CPU.Build.0 = Debug|Any CPU
		{6CAFC0C6-A428-4D30-A9F9-700E829FEA51}.Release|Any CPU.ActiveCfg = Release|Any CPU
		{6CAFC0C6-A428-4D30-A9F9-700E829FEA51}.Release|Any CPU.Build.0 = Release|Any CPU
		{41C496DA-B873-4BDB-909E-EBDC6A18F440}..NETCore2Debug|Any CPU.ActiveCfg = Debug|Any CPU
		{41C496DA-B873-4BDB-909E-EBDC6A18F440}..NETCore2Debug|Any CPU.Build.0 = Debug|Any CPU
		{41C496DA-B873-4BDB-909E-EBDC6A18F440}.Debug|Any CPU.ActiveCfg = Debug|Any CPU
		{41C496DA-B873-4BDB-909E-EBDC6A18F440}.Debug|Any CPU.Build.0 = Debug|Any CPU
		{41C496DA-B873-4BDB-909E-EBDC6A18F440}.Release|Any CPU.ActiveCfg = Release|Any CPU
		{41C496DA-B873-4BDB-909E-EBDC6A18F440}.Release|Any CPU.Build.0 = Release|Any CPU
		{8E489D4B-344D-4BE7-BA04-2568043EBDFB}..NETCore2Debug|Any CPU.ActiveCfg = Debug|Any CPU
		{8E489D4B-344D-4BE7-BA04-2568043EBDFB}..NETCore2Debug|Any CPU.Build.0 = Debug|Any CPU
		{8E489D4B-344D-4BE7-BA04-2568043EBDFB}.Debug|Any CPU.ActiveCfg = Debug|Any CPU
		{8E489D4B-344D-4BE7-BA04-2568043EBDFB}.Debug|Any CPU.Build.0 = Debug|Any CPU
		{8E489D4B-344D-4BE7-BA04-2568043EBDFB}.Release|Any CPU.ActiveCfg = Release|Any CPU
		{8E489D4B-344D-4BE7-BA04-2568043EBDFB}.Release|Any CPU.Build.0 = Release|Any CPU
		{8AA750B7-1097-4245-92AF-89F77F5BF451}..NETCore2Debug|Any CPU.ActiveCfg = Debug|Any CPU
		{8AA750B7-1097-4245-92AF-89F77F5BF451}..NETCore2Debug|Any CPU.Build.0 = Debug|Any CPU
		{8AA750B7-1097-4245-92AF-89F77F5BF451}.Debug|Any CPU.ActiveCfg = Debug|Any CPU
		{8AA750B7-1097-4245-92AF-89F77F5BF451}.Debug|Any CPU.Build.0 = Debug|Any CPU
		{8AA750B7-1097-4245-92AF-89F77F5BF451}.Release|Any CPU.ActiveCfg = Release|Any CPU
		{8AA750B7-1097-4245-92AF-89F77F5BF451}.Release|Any CPU.Build.0 = Release|Any CPU
		{10CBEBB7-5199-4961-844A-D6EB82398AB9}..NETCore2Debug|Any CPU.ActiveCfg = .NETCore2Debug|Any CPU
		{10CBEBB7-5199-4961-844A-D6EB82398AB9}..NETCore2Debug|Any CPU.Build.0 = .NETCore2Debug|Any CPU
		{10CBEBB7-5199-4961-844A-D6EB82398AB9}.Debug|Any CPU.ActiveCfg = Debug|Any CPU
		{10CBEBB7-5199-4961-844A-D6EB82398AB9}.Debug|Any CPU.Build.0 = Debug|Any CPU
		{10CBEBB7-5199-4961-844A-D6EB82398AB9}.Release|Any CPU.ActiveCfg = Release|Any CPU
		{10CBEBB7-5199-4961-844A-D6EB82398AB9}.Release|Any CPU.Build.0 = Release|Any CPU
		{AB18BC6A-A74C-4B3D-AB91-2296B4D2327A}..NETCore2Debug|Any CPU.ActiveCfg = Debug|Any CPU
		{AB18BC6A-A74C-4B3D-AB91-2296B4D2327A}..NETCore2Debug|Any CPU.Build.0 = Debug|Any CPU
		{AB18BC6A-A74C-4B3D-AB91-2296B4D2327A}.Debug|Any CPU.ActiveCfg = Debug|Any CPU
		{AB18BC6A-A74C-4B3D-AB91-2296B4D2327A}.Debug|Any CPU.Build.0 = Debug|Any CPU
		{AB18BC6A-A74C-4B3D-AB91-2296B4D2327A}.Release|Any CPU.ActiveCfg = Release|Any CPU
		{AB18BC6A-A74C-4B3D-AB91-2296B4D2327A}.Release|Any CPU.Build.0 = Release|Any CPU
		{58F12D13-9997-4C29-90CE-3C6C7409BA68}..NETCore2Debug|Any CPU.ActiveCfg = Debug|Any CPU
		{58F12D13-9997-4C29-90CE-3C6C7409BA68}..NETCore2Debug|Any CPU.Build.0 = Debug|Any CPU
		{58F12D13-9997-4C29-90CE-3C6C7409BA68}.Debug|Any CPU.ActiveCfg = Debug|Any CPU
		{58F12D13-9997-4C29-90CE-3C6C7409BA68}.Debug|Any CPU.Build.0 = Debug|Any CPU
		{58F12D13-9997-4C29-90CE-3C6C7409BA68}.Release|Any CPU.ActiveCfg = Release|Any CPU
		{58F12D13-9997-4C29-90CE-3C6C7409BA68}.Release|Any CPU.Build.0 = Release|Any CPU
		{7D630AC1-62A7-439F-AC80-0EA800F3A846}..NETCore2Debug|Any CPU.ActiveCfg = Debug|Any CPU
		{7D630AC1-62A7-439F-AC80-0EA800F3A846}..NETCore2Debug|Any CPU.Build.0 = Debug|Any CPU
		{7D630AC1-62A7-439F-AC80-0EA800F3A846}.Debug|Any CPU.ActiveCfg = Debug|Any CPU
		{7D630AC1-62A7-439F-AC80-0EA800F3A846}.Release|Any CPU.ActiveCfg = Release|Any CPU
		{7D630AC1-62A7-439F-AC80-0EA800F3A846}.Release|Any CPU.Build.0 = Release|Any CPU
		{1FC19ADF-446F-4118-8189-C25AADF12397}..NETCore2Debug|Any CPU.ActiveCfg = Debug|Any CPU
		{1FC19ADF-446F-4118-8189-C25AADF12397}..NETCore2Debug|Any CPU.Build.0 = Debug|Any CPU
		{1FC19ADF-446F-4118-8189-C25AADF12397}.Debug|Any CPU.ActiveCfg = Debug|Any CPU
		{1FC19ADF-446F-4118-8189-C25AADF12397}.Debug|Any CPU.Build.0 = Debug|Any CPU
		{1FC19ADF-446F-4118-8189-C25AADF12397}.Release|Any CPU.ActiveCfg = Release|Any CPU
		{1FC19ADF-446F-4118-8189-C25AADF12397}.Release|Any CPU.Build.0 = Release|Any CPU
		{BD0584E5-B4D2-4F75-AE59-32742D479962}..NETCore2Debug|Any CPU.ActiveCfg = Debug|Any CPU
		{BD0584E5-B4D2-4F75-AE59-32742D479962}..NETCore2Debug|Any CPU.Build.0 = Debug|Any CPU
		{BD0584E5-B4D2-4F75-AE59-32742D479962}.Debug|Any CPU.ActiveCfg = Debug|Any CPU
		{BD0584E5-B4D2-4F75-AE59-32742D479962}.Debug|Any CPU.Build.0 = Debug|Any CPU
		{BD0584E5-B4D2-4F75-AE59-32742D479962}.Release|Any CPU.ActiveCfg = Release|Any CPU
		{BD0584E5-B4D2-4F75-AE59-32742D479962}.Release|Any CPU.Build.0 = Release|Any CPU
	EndGlobalSection
	GlobalSection(SolutionProperties) = preSolution
		HideSolutionNode = FALSE
	EndGlobalSection
	GlobalSection(NestedProjects) = preSolution
		{8E489D4B-344D-4BE7-BA04-2568043EBDFB} = {A320C9A3-906F-4125-8848-1A8E1F98A620}
		{8AA750B7-1097-4245-92AF-89F77F5BF451} = {A320C9A3-906F-4125-8848-1A8E1F98A620}
		{10CBEBB7-5199-4961-844A-D6EB82398AB9} = {A320C9A3-906F-4125-8848-1A8E1F98A620}
		{ED8DD40C-190B-4CD8-A894-0675990D4487} = {A320C9A3-906F-4125-8848-1A8E1F98A620}
		{AB18BC6A-A74C-4B3D-AB91-2296B4D2327A} = {ED8DD40C-190B-4CD8-A894-0675990D4487}
		{58F12D13-9997-4C29-90CE-3C6C7409BA68} = {ED8DD40C-190B-4CD8-A894-0675990D4487}
		{7D630AC1-62A7-439F-AC80-0EA800F3A846} = {ED8DD40C-190B-4CD8-A894-0675990D4487}
		{1FC19ADF-446F-4118-8189-C25AADF12397} = {ED8DD40C-190B-4CD8-A894-0675990D4487}
	EndGlobalSection
	GlobalSection(ExtensibilityGlobals) = postSolution
		SolutionGuid = {D6DA9E7B-EC8D-44EA-959A-8820AAF4DDB2}
	EndGlobalSection
EndGlobal
